
Microsoft Visual Studio Solution File, Format Version 12.00
# Visual Studio Version 16
VisualStudioVersion = 16.0.30523.141
MinimumVisualStudioVersion = 10.0.40219.1
Project("{FAE04EC0-301F-11D3-BF4B-00C04F79EFBC}") = "BranchNBound", "BranchNBound\BranchNBound.csproj", "{11DA1AD2-6787-48BE-90B5-8362EF51AA07}"
EndProject
Global
	GlobalSection(SolutionConfigurationPlatforms) = preSolution
		Debug|Any CPU = Debug|Any CPU
		Release|Any CPU = Release|Any CPU
	EndGlobalSection
	GlobalSection(ProjectConfigurationPlatforms) = postSolution
		{11DA1AD2-6787-48BE-90B5-8362EF51AA07}.Debug|Any CPU.ActiveCfg = Debug|Any CPU
		{11DA1AD2-6787-48BE-90B5-8362EF51AA07}.Debug|Any CPU.Build.0 = Debug|Any CPU
		{11DA1AD2-6787-48BE-90B5-8362EF51AA07}.Release|Any CPU.ActiveCfg = Release|Any CPU
		{11DA1AD2-6787-48BE-90B5-8362EF51AA07}.Release|Any CPU.Build.0 = Release|Any CPU
	EndGlobalSection
	GlobalSection(SolutionProperties) = preSolution
		HideSolutionNode = FALSE
	EndGlobalSection
	GlobalSection(ExtensibilityGlobals) = postSolution
		SolutionGuid = {EDBE23DE-0206-4744-8E75-DEE87C63BD12}
	EndGlobalSection
EndGlobal
